
Microsoft Visual Studio Solution File, Format Version 12.00
# Visual Studio Version 17
VisualStudioVersion = 17.0.31919.166
MinimumVisualStudioVersion = 10.0.40219.1
Project("{FAE04EC0-301F-11D3-BF4B-00C04F79EFBC}") = "ConsoleAppTest", "ConsoleAppTest.csproj", "{443A8A4E-DCDA-4FA1-9247-96B66210BC24}"
EndProject
Global
	GlobalSection(SolutionConfigurationPlatforms) = preSolution
		Debug|Any CPU = Debug|Any CPU
		Release|Any CPU = Release|Any CPU
	EndGlobalSection
	GlobalSection(ProjectConfigurationPlatforms) = postSolution
		{443A8A4E-DCDA-4FA1-9247-96B66210BC24}.Debug|Any CPU.ActiveCfg = Debug|Any CPU
		{443A8A4E-DCDA-4FA1-9247-96B66210BC24}.Debug|Any CPU.Build.0 = Debug|Any CPU
		{443A8A4E-DCDA-4FA1-9247-96B66210BC24}.Release|Any CPU.ActiveCfg = Release|Any CPU
		{443A8A4E-DCDA-4FA1-9247-96B66210BC24}.Release|Any CPU.Build.0 = Release|Any CPU
	EndGlobalSection
	GlobalSection(SolutionProperties) = preSolution
		HideSolutionNode = FALSE
	EndGlobalSection
	GlobalSection(ExtensibilityGlobals) = postSolution
		SolutionGuid = {227DBB6F-18FD-4D59-AC8C-B04FBEB307DE}
	EndGlobalSection
EndGlobal
