
Microsoft Visual Studio Solution File, Format Version 12.00
# Visual Studio Version 17
VisualStudioVersion = 17.2.32519.379
MinimumVisualStudioVersion = 10.0.40219.1
Project("{FAE04EC0-301F-11D3-BF4B-00C04F79EFBC}") = "Net5WebApplication", "Net5WebApplication\Net5WebApplication.csproj", "{A18D119F-C16E-48EC-9408-2AB2AFED18F0}"
EndProject
Project("{9A19103F-16F7-4668-BE54-9A1E7A4F7556}") = "MyAutoMapper", "MyAutoMapper\MyAutoMapper.csproj", "{520ED5F1-2DC6-447F-8765-0B00C9218857}"
EndProject
Global
	GlobalSection(SolutionConfigurationPlatforms) = preSolution
		Debug|Any CPU = Debug|Any CPU
		Release|Any CPU = Release|Any CPU
	EndGlobalSection
	GlobalSection(ProjectConfigurationPlatforms) = postSolution
		{A18D119F-C16E-48EC-9408-2AB2AFED18F0}.Debug|Any CPU.ActiveCfg = Debug|Any CPU
		{A18D119F-C16E-48EC-9408-2AB2AFED18F0}.Debug|Any CPU.Build.0 = Debug|Any CPU
		{A18D119F-C16E-48EC-9408-2AB2AFED18F0}.Release|Any CPU.ActiveCfg = Release|Any CPU
		{A18D119F-C16E-48EC-9408-2AB2AFED18F0}.Release|Any CPU.Build.0 = Release|Any CPU
		{520ED5F1-2DC6-447F-8765-0B00C9218857}.Debug|Any CPU.ActiveCfg = Debug|Any CPU
		{520ED5F1-2DC6-447F-8765-0B00C9218857}.Debug|Any CPU.Build.0 = Debug|Any CPU
		{520ED5F1-2DC6-447F-8765-0B00C9218857}.Release|Any CPU.ActiveCfg = Release|Any CPU
		{520ED5F1-2DC6-447F-8765-0B00C9218857}.Release|Any CPU.Build.0 = Release|Any CPU
	EndGlobalSection
	GlobalSection(SolutionProperties) = preSolution
		HideSolutionNode = FALSE
	EndGlobalSection
	GlobalSection(ExtensibilityGlobals) = postSolution
		SolutionGuid = {FBC4FF97-4E04-442C-8C73-122BF74CC9E9}
	EndGlobalSection
EndGlobal
