
Microsoft Visual Studio Solution File, Format Version 12.00
# Visual Studio Version 17
VisualStudioVersion = 17.2.32519.379
MinimumVisualStudioVersion = 10.0.40219.1
Project("{9A19103F-16F7-4668-BE54-9A1E7A4F7556}") = "MyNlog", "MyNlog\MyNlog.csproj", "{97BE07FA-AE02-4EE6-B825-EF9F2B5AE057}"
EndProject
Project("{9A19103F-16F7-4668-BE54-9A1E7A4F7556}") = "Net5WebApplication", "Net5WebApplication\Net5WebApplication.csproj", "{5038C590-54BE-4830-A1C5-BB329B46D670}"
EndProject
Project("{FAE04EC0-301F-11D3-BF4B-00C04F79EFBC}") = "Net6WebApplication", "Net6WebApplication\Net6WebApplication.csproj", "{F1EF33BC-E0FD-4D60-8CDE-DD095590E92E}"
EndProject
Global
	GlobalSection(SolutionConfigurationPlatforms) = preSolution
		Debug|Any CPU = Debug|Any CPU
		Release|Any CPU = Release|Any CPU
	EndGlobalSection
	GlobalSection(ProjectConfigurationPlatforms) = postSolution
		{97BE07FA-AE02-4EE6-B825-EF9F2B5AE057}.Debug|Any CPU.ActiveCfg = Debug|Any CPU
		{97BE07FA-AE02-4EE6-B825-EF9F2B5AE057}.Debug|Any CPU.Build.0 = Debug|Any CPU
		{97BE07FA-AE02-4EE6-B825-EF9F2B5AE057}.Release|Any CPU.ActiveCfg = Release|Any CPU
		{97BE07FA-AE02-4EE6-B825-EF9F2B5AE057}.Release|Any CPU.Build.0 = Release|Any CPU
		{5038C590-54BE-4830-A1C5-BB329B46D670}.Debug|Any CPU.ActiveCfg = Debug|Any CPU
		{5038C590-54BE-4830-A1C5-BB329B46D670}.Debug|Any CPU.Build.0 = Debug|Any CPU
		{5038C590-54BE-4830-A1C5-BB329B46D670}.Release|Any CPU.ActiveCfg = Release|Any CPU
		{5038C590-54BE-4830-A1C5-BB329B46D670}.Release|Any CPU.Build.0 = Release|Any CPU
		{F1EF33BC-E0FD-4D60-8CDE-DD095590E92E}.Debug|Any CPU.ActiveCfg = Debug|Any CPU
		{F1EF33BC-E0FD-4D60-8CDE-DD095590E92E}.Debug|Any CPU.Build.0 = Debug|Any CPU
		{F1EF33BC-E0FD-4D60-8CDE-DD095590E92E}.Release|Any CPU.ActiveCfg = Release|Any CPU
		{F1EF33BC-E0FD-4D60-8CDE-DD095590E92E}.Release|Any CPU.Build.0 = Release|Any CPU
	EndGlobalSection
	GlobalSection(SolutionProperties) = preSolution
		HideSolutionNode = FALSE
	EndGlobalSection
	GlobalSection(ExtensibilityGlobals) = postSolution
		SolutionGuid = {3DE04FD4-1304-49B5-BFBC-649CBC7C466C}
	EndGlobalSection
EndGlobal
