
Microsoft Visual Studio Solution File, Format Version 12.00
# Visual Studio Version 17
VisualStudioVersion = 17.2.32519.379
MinimumVisualStudioVersion = 10.0.40219.1
Project("{9A19103F-16F7-4668-BE54-9A1E7A4F7556}") = "MyHangfire", "MyHangfire\MyHangfire.csproj", "{4F2A0C6D-D218-4A70-816F-A456B8465A02}"
EndProject
Project("{FAE04EC0-301F-11D3-BF4B-00C04F79EFBC}") = "Net5WebApplication", "Net5WebApplication\Net5WebApplication.csproj", "{0B12DFB6-45AD-4661-983F-BDD5CE8740DC}"
EndProject
Project("{FAE04EC0-301F-11D3-BF4B-00C04F79EFBC}") = "Net6WebApplication", "Net6WebApplication\Net6WebApplication.csproj", "{263DFA30-84B9-4715-8D09-AD6EE686DA3F}"
EndProject
Global
	GlobalSection(SolutionConfigurationPlatforms) = preSolution
		Debug|Any CPU = Debug|Any CPU
		Release|Any CPU = Release|Any CPU
	EndGlobalSection
	GlobalSection(ProjectConfigurationPlatforms) = postSolution
		{4F2A0C6D-D218-4A70-816F-A456B8465A02}.Debug|Any CPU.ActiveCfg = Debug|Any CPU
		{4F2A0C6D-D218-4A70-816F-A456B8465A02}.Debug|Any CPU.Build.0 = Debug|Any CPU
		{4F2A0C6D-D218-4A70-816F-A456B8465A02}.Release|Any CPU.ActiveCfg = Release|Any CPU
		{4F2A0C6D-D218-4A70-816F-A456B8465A02}.Release|Any CPU.Build.0 = Release|Any CPU
		{0B12DFB6-45AD-4661-983F-BDD5CE8740DC}.Debug|Any CPU.ActiveCfg = Debug|Any CPU
		{0B12DFB6-45AD-4661-983F-BDD5CE8740DC}.Debug|Any CPU.Build.0 = Debug|Any CPU
		{0B12DFB6-45AD-4661-983F-BDD5CE8740DC}.Release|Any CPU.ActiveCfg = Release|Any CPU
		{0B12DFB6-45AD-4661-983F-BDD5CE8740DC}.Release|Any CPU.Build.0 = Release|Any CPU
		{263DFA30-84B9-4715-8D09-AD6EE686DA3F}.Debug|Any CPU.ActiveCfg = Debug|Any CPU
		{263DFA30-84B9-4715-8D09-AD6EE686DA3F}.Debug|Any CPU.Build.0 = Debug|Any CPU
		{263DFA30-84B9-4715-8D09-AD6EE686DA3F}.Release|Any CPU.ActiveCfg = Release|Any CPU
		{263DFA30-84B9-4715-8D09-AD6EE686DA3F}.Release|Any CPU.Build.0 = Release|Any CPU
	EndGlobalSection
	GlobalSection(SolutionProperties) = preSolution
		HideSolutionNode = FALSE
	EndGlobalSection
	GlobalSection(ExtensibilityGlobals) = postSolution
		SolutionGuid = {57E924EE-E583-4C5B-8FFD-1E8C5FD23C94}
	EndGlobalSection
EndGlobal
