
Microsoft Visual Studio Solution File, Format Version 12.00
# Visual Studio Version 17
VisualStudioVersion = 17.2.32519.379
MinimumVisualStudioVersion = 10.0.40219.1
Project("{FAE04EC0-301F-11D3-BF4B-00C04F79EFBC}") = "FramworkConsole", "FramworkConsole\FramworkConsole.csproj", "{873DA0B6-3022-41C7-B476-0A01AC479967}"
EndProject
Project("{FAE04EC0-301F-11D3-BF4B-00C04F79EFBC}") = "FramworkMvc", "FramworkMvc\FramworkMvc.csproj", "{EFC1F826-EC77-4CA4-926B-B27340F8380C}"
EndProject
Project("{9A19103F-16F7-4668-BE54-9A1E7A4F7556}") = "Net6Console", "Net6Console\Net6Console.csproj", "{506BD755-78F3-4F1D-B4B7-EAA6E433CAEC}"
EndProject
Project("{9A19103F-16F7-4668-BE54-9A1E7A4F7556}") = "Net5WebApplication", "Net5WebApplication\Net5WebApplication.csproj", "{8F10EC3B-7D7C-4CA0-9474-1F9F9D5E6E64}"
EndProject
Project("{9A19103F-16F7-4668-BE54-9A1E7A4F7556}") = "Net6WebApplication", "Net6WebApplication\Net6WebApplication.csproj", "{9BF862A6-B991-4B28-BCCA-0282D2E94B9D}"
EndProject
Global
	GlobalSection(SolutionConfigurationPlatforms) = preSolution
		Debug|Any CPU = Debug|Any CPU
		Release|Any CPU = Release|Any CPU
	EndGlobalSection
	GlobalSection(ProjectConfigurationPlatforms) = postSolution
		{873DA0B6-3022-41C7-B476-0A01AC479967}.Debug|Any CPU.ActiveCfg = Debug|Any CPU
		{873DA0B6-3022-41C7-B476-0A01AC479967}.Debug|Any CPU.Build.0 = Debug|Any CPU
		{873DA0B6-3022-41C7-B476-0A01AC479967}.Release|Any CPU.ActiveCfg = Release|Any CPU
		{873DA0B6-3022-41C7-B476-0A01AC479967}.Release|Any CPU.Build.0 = Release|Any CPU
		{EFC1F826-EC77-4CA4-926B-B27340F8380C}.Debug|Any CPU.ActiveCfg = Debug|Any CPU
		{EFC1F826-EC77-4CA4-926B-B27340F8380C}.Debug|Any CPU.Build.0 = Debug|Any CPU
		{EFC1F826-EC77-4CA4-926B-B27340F8380C}.Release|Any CPU.ActiveCfg = Release|Any CPU
		{EFC1F826-EC77-4CA4-926B-B27340F8380C}.Release|Any CPU.Build.0 = Release|Any CPU
		{506BD755-78F3-4F1D-B4B7-EAA6E433CAEC}.Debug|Any CPU.ActiveCfg = Debug|Any CPU
		{506BD755-78F3-4F1D-B4B7-EAA6E433CAEC}.Debug|Any CPU.Build.0 = Debug|Any CPU
		{506BD755-78F3-4F1D-B4B7-EAA6E433CAEC}.Release|Any CPU.ActiveCfg = Release|Any CPU
		{506BD755-78F3-4F1D-B4B7-EAA6E433CAEC}.Release|Any CPU.Build.0 = Release|Any CPU
		{8F10EC3B-7D7C-4CA0-9474-1F9F9D5E6E64}.Debug|Any CPU.ActiveCfg = Debug|Any CPU
		{8F10EC3B-7D7C-4CA0-9474-1F9F9D5E6E64}.Debug|Any CPU.Build.0 = Debug|Any CPU
		{8F10EC3B-7D7C-4CA0-9474-1F9F9D5E6E64}.Release|Any CPU.ActiveCfg = Release|Any CPU
		{8F10EC3B-7D7C-4CA0-9474-1F9F9D5E6E64}.Release|Any CPU.Build.0 = Release|Any CPU
		{9BF862A6-B991-4B28-BCCA-0282D2E94B9D}.Debug|Any CPU.ActiveCfg = Debug|Any CPU
		{9BF862A6-B991-4B28-BCCA-0282D2E94B9D}.Debug|Any CPU.Build.0 = Debug|Any CPU
		{9BF862A6-B991-4B28-BCCA-0282D2E94B9D}.Release|Any CPU.ActiveCfg = Release|Any CPU
		{9BF862A6-B991-4B28-BCCA-0282D2E94B9D}.Release|Any CPU.Build.0 = Release|Any CPU
	EndGlobalSection
	GlobalSection(SolutionProperties) = preSolution
		HideSolutionNode = FALSE
	EndGlobalSection
	GlobalSection(ExtensibilityGlobals) = postSolution
		SolutionGuid = {BE0AC434-86E5-4D5B-9405-758DD53C7F32}
	EndGlobalSection
EndGlobal
